
Microsoft Visual Studio Solution File, Format Version 12.00
# Visual Studio Version 16
VisualStudioVersion = 16.0.30711.63
MinimumVisualStudioVersion = 10.0.40219.1
Project("{9A19103F-16F7-4668-BE54-9A1E7A4F7556}") = "CBCoreAppGenerator", "..\CBCoreAppGenerator\CBCoreAppGenerator.csproj", "{857F1CE4-DA10-49E5-850D-35322101AC01}"
EndProject
Project("{9A19103F-16F7-4668-BE54-9A1E7A4F7556}") = "DALC", "DALC\DALC.csproj", "{E1E55EB0-66C9-4A35-B765-419ED2EEEFB9}"
EndProject
Project("{9A19103F-16F7-4668-BE54-9A1E7A4F7556}") = "BLC", "BLC\BLC.csproj", "{9FFF24AF-7545-4B63-918A-42EF90AB5901}"
EndProject
Project("{9A19103F-16F7-4668-BE54-9A1E7A4F7556}") = "UnitTesting", "..\UnitTesting\UnitTesting.csproj", "{1B476FDE-4479-4274-B4D5-824C13E75CCF}"
EndProject
Project("{FAE04EC0-301F-11D3-BF4B-00C04F79EFBC}") = "WebAPI", "..\WebAPI\WebAPI.csproj", "{6B3475BC-69F4-4623-8C08-D9D1E1E65A0C}"
EndProject
Global
	GlobalSection(SolutionConfigurationPlatforms) = preSolution
		Debug|Any CPU = Debug|Any CPU
		Release|Any CPU = Release|Any CPU
	EndGlobalSection
	GlobalSection(ProjectConfigurationPlatforms) = postSolution
		{857F1CE4-DA10-49E5-850D-35322101AC01}.Debug|Any CPU.ActiveCfg = Debug|Any CPU
		{857F1CE4-DA10-49E5-850D-35322101AC01}.Debug|Any CPU.Build.0 = Debug|Any CPU
		{857F1CE4-DA10-49E5-850D-35322101AC01}.Release|Any CPU.ActiveCfg = Release|Any CPU
		{857F1CE4-DA10-49E5-850D-35322101AC01}.Release|Any CPU.Build.0 = Release|Any CPU
		{E1E55EB0-66C9-4A35-B765-419ED2EEEFB9}.Debug|Any CPU.ActiveCfg = Debug|Any CPU
		{E1E55EB0-66C9-4A35-B765-419ED2EEEFB9}.Debug|Any CPU.Build.0 = Debug|Any CPU
		{E1E55EB0-66C9-4A35-B765-419ED2EEEFB9}.Release|Any CPU.ActiveCfg = Release|Any CPU
		{E1E55EB0-66C9-4A35-B765-419ED2EEEFB9}.Release|Any CPU.Build.0 = Release|Any CPU
		{9FFF24AF-7545-4B63-918A-42EF90AB5901}.Debug|Any CPU.ActiveCfg = Debug|Any CPU
		{9FFF24AF-7545-4B63-918A-42EF90AB5901}.Debug|Any CPU.Build.0 = Debug|Any CPU
		{9FFF24AF-7545-4B63-918A-42EF90AB5901}.Release|Any CPU.ActiveCfg = Release|Any CPU
		{9FFF24AF-7545-4B63-918A-42EF90AB5901}.Release|Any CPU.Build.0 = Release|Any CPU
		{1B476FDE-4479-4274-B4D5-824C13E75CCF}.Debug|Any CPU.ActiveCfg = Debug|Any CPU
		{1B476FDE-4479-4274-B4D5-824C13E75CCF}.Debug|Any CPU.Build.0 = Debug|Any CPU
		{1B476FDE-4479-4274-B4D5-824C13E75CCF}.Release|Any CPU.ActiveCfg = Release|Any CPU
		{1B476FDE-4479-4274-B4D5-824C13E75CCF}.Release|Any CPU.Build.0 = Release|Any CPU
		{6B3475BC-69F4-4623-8C08-D9D1E1E65A0C}.Debug|Any CPU.ActiveCfg = Debug|Any CPU
		{6B3475BC-69F4-4623-8C08-D9D1E1E65A0C}.Debug|Any CPU.Build.0 = Debug|Any CPU
		{6B3475BC-69F4-4623-8C08-D9D1E1E65A0C}.Release|Any CPU.ActiveCfg = Release|Any CPU
		{6B3475BC-69F4-4623-8C08-D9D1E1E65A0C}.Release|Any CPU.Build.0 = Release|Any CPU
	EndGlobalSection
	GlobalSection(SolutionProperties) = preSolution
		HideSolutionNode = FALSE
	EndGlobalSection
	GlobalSection(ExtensibilityGlobals) = postSolution
		SolutionGuid = {0FFC70F4-E707-494E-B773-752459126BB9}
	EndGlobalSection
EndGlobal
